
Microsoft Visual Studio Solution File, Format Version 12.00
# Visual Studio Version 16
VisualStudioVersion = 16.0.30717.126
MinimumVisualStudioVersion = 10.0.40219.1
Project("{FAE04EC0-301F-11D3-BF4B-00C04F79EFBC}") = "demo1", "demo1\demo1.csproj", "{52CE3DE1-4D21-4B98-B40B-D4A0647064AA}"
EndProject
Project("{FAE04EC0-301F-11D3-BF4B-00C04F79EFBC}") = "DAL", "DAL\DAL.csproj", "{405C8D59-9F3F-4AC8-AF80-CE8DF8CEA1D2}"
EndProject
Project("{FAE04EC0-301F-11D3-BF4B-00C04F79EFBC}") = "UI", "UI\UI.csproj", "{8F0AF476-546F-4EA5-AF96-B876FB75DF91}"
EndProject
Project("{FAE04EC0-301F-11D3-BF4B-00C04F79EFBC}") = "Models", "Models\Models.csproj", "{9093FFB6-A126-432C-9EEF-3E66E6EC23F5}"
EndProject
Project("{FAE04EC0-301F-11D3-BF4B-00C04F79EFBC}") = "BLL", "BLL\BLL.csproj", "{F8B65F2F-E6F5-46B7-BF3B-9F00E33C5922}"
EndProject
Project("{FAE04EC0-301F-11D3-BF4B-00C04F79EFBC}") = "WebApplication2", "WebApplication2\WebApplication2.csproj", "{A7CB7E38-9238-40EC-B2DD-57DA17ECC5D4}"
EndProject
Global
	GlobalSection(SolutionConfigurationPlatforms) = preSolution
		Debug|Any CPU = Debug|Any CPU
		Release|Any CPU = Release|Any CPU
	EndGlobalSection
	GlobalSection(ProjectConfigurationPlatforms) = postSolution
		{52CE3DE1-4D21-4B98-B40B-D4A0647064AA}.Debug|Any CPU.ActiveCfg = Debug|Any CPU
		{52CE3DE1-4D21-4B98-B40B-D4A0647064AA}.Debug|Any CPU.Build.0 = Debug|Any CPU
		{52CE3DE1-4D21-4B98-B40B-D4A0647064AA}.Release|Any CPU.ActiveCfg = Release|Any CPU
		{52CE3DE1-4D21-4B98-B40B-D4A0647064AA}.Release|Any CPU.Build.0 = Release|Any CPU
		{405C8D59-9F3F-4AC8-AF80-CE8DF8CEA1D2}.Debug|Any CPU.ActiveCfg = Debug|Any CPU
		{405C8D59-9F3F-4AC8-AF80-CE8DF8CEA1D2}.Debug|Any CPU.Build.0 = Debug|Any CPU
		{405C8D59-9F3F-4AC8-AF80-CE8DF8CEA1D2}.Release|Any CPU.ActiveCfg = Release|Any CPU
		{405C8D59-9F3F-4AC8-AF80-CE8DF8CEA1D2}.Release|Any CPU.Build.0 = Release|Any CPU
		{8F0AF476-546F-4EA5-AF96-B876FB75DF91}.Debug|Any CPU.ActiveCfg = Debug|Any CPU
		{8F0AF476-546F-4EA5-AF96-B876FB75DF91}.Debug|Any CPU.Build.0 = Debug|Any CPU
		{8F0AF476-546F-4EA5-AF96-B876FB75DF91}.Release|Any CPU.ActiveCfg = Release|Any CPU
		{8F0AF476-546F-4EA5-AF96-B876FB75DF91}.Release|Any CPU.Build.0 = Release|Any CPU
		{9093FFB6-A126-432C-9EEF-3E66E6EC23F5}.Debug|Any CPU.ActiveCfg = Debug|Any CPU
		{9093FFB6-A126-432C-9EEF-3E66E6EC23F5}.Debug|Any CPU.Build.0 = Debug|Any CPU
		{9093FFB6-A126-432C-9EEF-3E66E6EC23F5}.Release|Any CPU.ActiveCfg = Release|Any CPU
		{9093FFB6-A126-432C-9EEF-3E66E6EC23F5}.Release|Any CPU.Build.0 = Release|Any CPU
		{F8B65F2F-E6F5-46B7-BF3B-9F00E33C5922}.Debug|Any CPU.ActiveCfg = Debug|Any CPU
		{F8B65F2F-E6F5-46B7-BF3B-9F00E33C5922}.Debug|Any CPU.Build.0 = Debug|Any CPU
		{F8B65F2F-E6F5-46B7-BF3B-9F00E33C5922}.Release|Any CPU.ActiveCfg = Release|Any CPU
		{F8B65F2F-E6F5-46B7-BF3B-9F00E33C5922}.Release|Any CPU.Build.0 = Release|Any CPU
		{A7CB7E38-9238-40EC-B2DD-57DA17ECC5D4}.Debug|Any CPU.ActiveCfg = Debug|Any CPU
		{A7CB7E38-9238-40EC-B2DD-57DA17ECC5D4}.Debug|Any CPU.Build.0 = Debug|Any CPU
		{A7CB7E38-9238-40EC-B2DD-57DA17ECC5D4}.Release|Any CPU.ActiveCfg = Release|Any CPU
		{A7CB7E38-9238-40EC-B2DD-57DA17ECC5D4}.Release|Any CPU.Build.0 = Release|Any CPU
	EndGlobalSection
	GlobalSection(SolutionProperties) = preSolution
		HideSolutionNode = FALSE
	EndGlobalSection
	GlobalSection(ExtensibilityGlobals) = postSolution
		SolutionGuid = {2E96C776-4704-4796-88A3-4816564BB124}
	EndGlobalSection
EndGlobal
