
Microsoft Visual Studio Solution File, Format Version 12.00
# Visual Studio Version 16
VisualStudioVersion = 16.0.31911.196
MinimumVisualStudioVersion = 10.0.40219.1
Project("{9A19103F-16F7-4668-BE54-9A1E7A4F7556}") = "Goods", "Goods\Goods.csproj", "{3D0DA71F-FE99-40E0-8681-C4190D403B8B}"
EndProject
Project("{9A19103F-16F7-4668-BE54-9A1E7A4F7556}") = "Goods.Entity", "Goods.Entity\Goods.Entity.csproj", "{55A82C2B-121C-480E-900D-712453D3C3CC}"
EndProject
Project("{9A19103F-16F7-4668-BE54-9A1E7A4F7556}") = "Goods.EF", "Goods.EF\Goods.EF.csproj", "{281C6773-A022-49C1-B941-92224DB206A0}"
EndProject
Project("{9A19103F-16F7-4668-BE54-9A1E7A4F7556}") = "Goods.Tools", "Goods.Tools\Goods.Tools.csproj", "{41DCAEF2-CB1A-466D-937B-15198CA98D07}"
EndProject
Project("{FAE04EC0-301F-11D3-BF4B-00C04F79EFBC}") = "Goods.Repository", "Goods.Repository\Goods.Repository.csproj", "{B2040F32-9F03-467C-90A1-DAFC995747FB}"
EndProject
Global
	GlobalSection(SolutionConfigurationPlatforms) = preSolution
		Debug|Any CPU = Debug|Any CPU
		Release|Any CPU = Release|Any CPU
	EndGlobalSection
	GlobalSection(ProjectConfigurationPlatforms) = postSolution
		{3D0DA71F-FE99-40E0-8681-C4190D403B8B}.Debug|Any CPU.ActiveCfg = Debug|Any CPU
		{3D0DA71F-FE99-40E0-8681-C4190D403B8B}.Debug|Any CPU.Build.0 = Debug|Any CPU
		{3D0DA71F-FE99-40E0-8681-C4190D403B8B}.Release|Any CPU.ActiveCfg = Release|Any CPU
		{3D0DA71F-FE99-40E0-8681-C4190D403B8B}.Release|Any CPU.Build.0 = Release|Any CPU
		{55A82C2B-121C-480E-900D-712453D3C3CC}.Debug|Any CPU.ActiveCfg = Debug|Any CPU
		{55A82C2B-121C-480E-900D-712453D3C3CC}.Debug|Any CPU.Build.0 = Debug|Any CPU
		{55A82C2B-121C-480E-900D-712453D3C3CC}.Release|Any CPU.ActiveCfg = Release|Any CPU
		{55A82C2B-121C-480E-900D-712453D3C3CC}.Release|Any CPU.Build.0 = Release|Any CPU
		{281C6773-A022-49C1-B941-92224DB206A0}.Debug|Any CPU.ActiveCfg = Debug|Any CPU
		{281C6773-A022-49C1-B941-92224DB206A0}.Debug|Any CPU.Build.0 = Debug|Any CPU
		{281C6773-A022-49C1-B941-92224DB206A0}.Release|Any CPU.ActiveCfg = Release|Any CPU
		{281C6773-A022-49C1-B941-92224DB206A0}.Release|Any CPU.Build.0 = Release|Any CPU
		{41DCAEF2-CB1A-466D-937B-15198CA98D07}.Debug|Any CPU.ActiveCfg = Debug|Any CPU
		{41DCAEF2-CB1A-466D-937B-15198CA98D07}.Debug|Any CPU.Build.0 = Debug|Any CPU
		{41DCAEF2-CB1A-466D-937B-15198CA98D07}.Release|Any CPU.ActiveCfg = Release|Any CPU
		{41DCAEF2-CB1A-466D-937B-15198CA98D07}.Release|Any CPU.Build.0 = Release|Any CPU
		{B2040F32-9F03-467C-90A1-DAFC995747FB}.Debug|Any CPU.ActiveCfg = Debug|Any CPU
		{B2040F32-9F03-467C-90A1-DAFC995747FB}.Debug|Any CPU.Build.0 = Debug|Any CPU
		{B2040F32-9F03-467C-90A1-DAFC995747FB}.Release|Any CPU.ActiveCfg = Release|Any CPU
		{B2040F32-9F03-467C-90A1-DAFC995747FB}.Release|Any CPU.Build.0 = Release|Any CPU
	EndGlobalSection
	GlobalSection(SolutionProperties) = preSolution
		HideSolutionNode = FALSE
	EndGlobalSection
	GlobalSection(ExtensibilityGlobals) = postSolution
		SolutionGuid = {053EAEAB-B352-495E-B51A-694983E306E1}
	EndGlobalSection
EndGlobal
