
Microsoft Visual Studio Solution File, Format Version 12.00
# Visual Studio Version 16
VisualStudioVersion = 16.0.31911.196
MinimumVisualStudioVersion = 10.0.40219.1
Project("{FAE04EC0-301F-11D3-BF4B-00C04F79EFBC}") = "DBCreate", "DBCreate\DBCreate.csproj", "{41F3BDDB-22AA-4F4E-A8A2-A9360CCA3815}"
EndProject
Project("{FAE04EC0-301F-11D3-BF4B-00C04F79EFBC}") = "WebApplication1", "WebApplication1\WebApplication1.csproj", "{E31560C8-C268-4612-9B00-73C0322D3EED}"
EndProject
Global
	GlobalSection(SolutionConfigurationPlatforms) = preSolution
		Debug|Any CPU = Debug|Any CPU
		Release|Any CPU = Release|Any CPU
	EndGlobalSection
	GlobalSection(ProjectConfigurationPlatforms) = postSolution
		{41F3BDDB-22AA-4F4E-A8A2-A9360CCA3815}.Debug|Any CPU.ActiveCfg = Debug|Any CPU
		{41F3BDDB-22AA-4F4E-A8A2-A9360CCA3815}.Debug|Any CPU.Build.0 = Debug|Any CPU
		{41F3BDDB-22AA-4F4E-A8A2-A9360CCA3815}.Release|Any CPU.ActiveCfg = Release|Any CPU
		{41F3BDDB-22AA-4F4E-A8A2-A9360CCA3815}.Release|Any CPU.Build.0 = Release|Any CPU
		{E31560C8-C268-4612-9B00-73C0322D3EED}.Debug|Any CPU.ActiveCfg = Debug|Any CPU
		{E31560C8-C268-4612-9B00-73C0322D3EED}.Debug|Any CPU.Build.0 = Debug|Any CPU
		{E31560C8-C268-4612-9B00-73C0322D3EED}.Release|Any CPU.ActiveCfg = Release|Any CPU
		{E31560C8-C268-4612-9B00-73C0322D3EED}.Release|Any CPU.Build.0 = Release|Any CPU
	EndGlobalSection
	GlobalSection(SolutionProperties) = preSolution
		HideSolutionNode = FALSE
	EndGlobalSection
	GlobalSection(ExtensibilityGlobals) = postSolution
		SolutionGuid = {2811670A-105A-43B0-A4A3-9E6548B5FDB0}
	EndGlobalSection
EndGlobal
