
Microsoft Visual Studio Solution File, Format Version 12.00
# Visual Studio Version 16
VisualStudioVersion = 16.0.31911.196
MinimumVisualStudioVersion = 10.0.40219.1
Project("{9A19103F-16F7-4668-BE54-9A1E7A4F7556}") = "Demo.RabbitMq.Entity", "Demo.RabbitMq.Entity\Demo.RabbitMq.Entity.csproj", "{E6368FE1-374C-440A-B8BD-393A53D2548D}"
EndProject
Project("{9A19103F-16F7-4668-BE54-9A1E7A4F7556}") = "Demo.RabbitMq.Service", "Demo.RabbitMq.Service\Demo.RabbitMq.Service.csproj", "{1AED5416-E006-4953-9FB6-AD669BAA9B48}"
EndProject
Project("{2150E333-8FDC-42A3-9474-1A3956D46DE8}") = "Consumer", "Consumer", "{ED371593-56F5-4AEF-B92B-1F51F28024FA}"
EndProject
Project("{9A19103F-16F7-4668-BE54-9A1E7A4F7556}") = "Demo.RabbitMq.Test", "Demo.RabbitMq.Test\Demo.RabbitMq.Test.csproj", "{35270B23-3869-46E3-AC67-99B9033E9015}"
EndProject
Project("{2150E333-8FDC-42A3-9474-1A3956D46DE8}") = "Infrastructure", "Infrastructure", "{88C6A2E2-01A7-4B46-9D50-36F4B8956429}"
EndProject
Project("{9A19103F-16F7-4668-BE54-9A1E7A4F7556}") = "Demo.RabbitMq.Base.RabbitMq", "Demo.RabbitMq.Base.RabbitMq\Demo.RabbitMq.Base.RabbitMq.csproj", "{CF4CEE19-6E9A-4796-BFFD-0B7A4397C96B}"
EndProject
Project("{2150E333-8FDC-42A3-9474-1A3956D46DE8}") = "HttpApi", "HttpApi", "{0FDAEC2D-A9CC-4BA2-9CEA-C96FC9186771}"
EndProject
Project("{9A19103F-16F7-4668-BE54-9A1E7A4F7556}") = "Demo.RabbitMq.HttpApi.Order", "Demo.RabbitMq.HttpApi.Order\Demo.RabbitMq.HttpApi.Order.csproj", "{68E86CFE-DC14-4392-BC77-27216DAC8EA0}"
EndProject
Project("{FAE04EC0-301F-11D3-BF4B-00C04F79EFBC}") = "Demo.RabbitMq.ConsumerTest", "Demo.RabbitMq.ConsumerTest\Demo.RabbitMq.ConsumerTest.csproj", "{B458E6F3-9E08-4524-9702-C6A049B8B48C}"
EndProject
Project("{FAE04EC0-301F-11D3-BF4B-00C04F79EFBC}") = "Demo.RabbitMq.Order", "Demo.RabbitMq.Order\Demo.RabbitMq.Order.csproj", "{E12F8DE7-C800-4908-B7CA-EB48A09B0E0D}"
EndProject
Project("{FAE04EC0-301F-11D3-BF4B-00C04F79EFBC}") = "Demo.RabbitMq.DeadLetter", "Demo.RabbitMq.DeadLetter\Demo.RabbitMq.DeadLetter.csproj", "{B642BB96-8608-41B9-85AD-5012F095B5A7}"
EndProject
Global
	GlobalSection(SolutionConfigurationPlatforms) = preSolution
		Debug|Any CPU = Debug|Any CPU
		Release|Any CPU = Release|Any CPU
	EndGlobalSection
	GlobalSection(ProjectConfigurationPlatforms) = postSolution
		{E6368FE1-374C-440A-B8BD-393A53D2548D}.Debug|Any CPU.ActiveCfg = Debug|Any CPU
		{E6368FE1-374C-440A-B8BD-393A53D2548D}.Debug|Any CPU.Build.0 = Debug|Any CPU
		{E6368FE1-374C-440A-B8BD-393A53D2548D}.Release|Any CPU.ActiveCfg = Release|Any CPU
		{E6368FE1-374C-440A-B8BD-393A53D2548D}.Release|Any CPU.Build.0 = Release|Any CPU
		{1AED5416-E006-4953-9FB6-AD669BAA9B48}.Debug|Any CPU.ActiveCfg = Debug|Any CPU
		{1AED5416-E006-4953-9FB6-AD669BAA9B48}.Debug|Any CPU.Build.0 = Debug|Any CPU
		{1AED5416-E006-4953-9FB6-AD669BAA9B48}.Release|Any CPU.ActiveCfg = Release|Any CPU
		{1AED5416-E006-4953-9FB6-AD669BAA9B48}.Release|Any CPU.Build.0 = Release|Any CPU
		{35270B23-3869-46E3-AC67-99B9033E9015}.Debug|Any CPU.ActiveCfg = Debug|Any CPU
		{35270B23-3869-46E3-AC67-99B9033E9015}.Debug|Any CPU.Build.0 = Debug|Any CPU
		{35270B23-3869-46E3-AC67-99B9033E9015}.Release|Any CPU.ActiveCfg = Release|Any CPU
		{35270B23-3869-46E3-AC67-99B9033E9015}.Release|Any CPU.Build.0 = Release|Any CPU
		{CF4CEE19-6E9A-4796-BFFD-0B7A4397C96B}.Debug|Any CPU.ActiveCfg = Debug|Any CPU
		{CF4CEE19-6E9A-4796-BFFD-0B7A4397C96B}.Debug|Any CPU.Build.0 = Debug|Any CPU
		{CF4CEE19-6E9A-4796-BFFD-0B7A4397C96B}.Release|Any CPU.ActiveCfg = Release|Any CPU
		{CF4CEE19-6E9A-4796-BFFD-0B7A4397C96B}.Release|Any CPU.Build.0 = Release|Any CPU
		{68E86CFE-DC14-4392-BC77-27216DAC8EA0}.Debug|Any CPU.ActiveCfg = Debug|Any CPU
		{68E86CFE-DC14-4392-BC77-27216DAC8EA0}.Debug|Any CPU.Build.0 = Debug|Any CPU
		{68E86CFE-DC14-4392-BC77-27216DAC8EA0}.Release|Any CPU.ActiveCfg = Release|Any CPU
		{68E86CFE-DC14-4392-BC77-27216DAC8EA0}.Release|Any CPU.Build.0 = Release|Any CPU
		{B458E6F3-9E08-4524-9702-C6A049B8B48C}.Debug|Any CPU.ActiveCfg = Debug|Any CPU
		{B458E6F3-9E08-4524-9702-C6A049B8B48C}.Debug|Any CPU.Build.0 = Debug|Any CPU
		{B458E6F3-9E08-4524-9702-C6A049B8B48C}.Release|Any CPU.ActiveCfg = Release|Any CPU
		{B458E6F3-9E08-4524-9702-C6A049B8B48C}.Release|Any CPU.Build.0 = Release|Any CPU
		{E12F8DE7-C800-4908-B7CA-EB48A09B0E0D}.Debug|Any CPU.ActiveCfg = Debug|Any CPU
		{E12F8DE7-C800-4908-B7CA-EB48A09B0E0D}.Debug|Any CPU.Build.0 = Debug|Any CPU
		{E12F8DE7-C800-4908-B7CA-EB48A09B0E0D}.Release|Any CPU.ActiveCfg = Release|Any CPU
		{E12F8DE7-C800-4908-B7CA-EB48A09B0E0D}.Release|Any CPU.Build.0 = Release|Any CPU
		{B642BB96-8608-41B9-85AD-5012F095B5A7}.Debug|Any CPU.ActiveCfg = Debug|Any CPU
		{B642BB96-8608-41B9-85AD-5012F095B5A7}.Debug|Any CPU.Build.0 = Debug|Any CPU
		{B642BB96-8608-41B9-85AD-5012F095B5A7}.Release|Any CPU.ActiveCfg = Release|Any CPU
		{B642BB96-8608-41B9-85AD-5012F095B5A7}.Release|Any CPU.Build.0 = Release|Any CPU
	EndGlobalSection
	GlobalSection(SolutionProperties) = preSolution
		HideSolutionNode = FALSE
	EndGlobalSection
	GlobalSection(NestedProjects) = preSolution
		{35270B23-3869-46E3-AC67-99B9033E9015} = {ED371593-56F5-4AEF-B92B-1F51F28024FA}
		{CF4CEE19-6E9A-4796-BFFD-0B7A4397C96B} = {88C6A2E2-01A7-4B46-9D50-36F4B8956429}
		{68E86CFE-DC14-4392-BC77-27216DAC8EA0} = {0FDAEC2D-A9CC-4BA2-9CEA-C96FC9186771}
		{B458E6F3-9E08-4524-9702-C6A049B8B48C} = {ED371593-56F5-4AEF-B92B-1F51F28024FA}
		{E12F8DE7-C800-4908-B7CA-EB48A09B0E0D} = {ED371593-56F5-4AEF-B92B-1F51F28024FA}
		{B642BB96-8608-41B9-85AD-5012F095B5A7} = {ED371593-56F5-4AEF-B92B-1F51F28024FA}
	EndGlobalSection
	GlobalSection(ExtensibilityGlobals) = postSolution
		SolutionGuid = {B2F47490-FD4D-4989-8BAE-87FC457E2163}
	EndGlobalSection
EndGlobal
