
Microsoft Visual Studio Solution File, Format Version 12.00
# Visual Studio Version 16
VisualStudioVersion = 16.0.31911.196
MinimumVisualStudioVersion = 10.0.40219.1
Project("{9A19103F-16F7-4668-BE54-9A1E7A4F7556}") = "Demo.BingFa.Entity", "Demo.BingFa.Entity\Demo.BingFa.Entity.csproj", "{86A01504-B71C-486A-83F9-320FA35495DF}"
EndProject
Project("{2150E333-8FDC-42A3-9474-1A3956D46DE8}") = "Infrastructure", "Infrastructure", "{14E825B7-6E78-4FF8-B2D2-718DB0A59297}"
EndProject
Project("{2150E333-8FDC-42A3-9474-1A3956D46DE8}") = "HttpAip", "HttpAip", "{21846C96-06FB-4F1F-8F92-2C3F9A8FFFE2}"
EndProject
Project("{9A19103F-16F7-4668-BE54-9A1E7A4F7556}") = "Demo.BingFa.Base.Redis", "Demo.BingFa.Base.Redis\Demo.BingFa.Base.Redis.csproj", "{14C3DEB0-6045-4F84-A241-8E2319D8DC64}"
EndProject
Project("{9A19103F-16F7-4668-BE54-9A1E7A4F7556}") = "Demo.BingFa.Service", "Demo.BingFa.Service\Demo.BingFa.Service.csproj", "{33EE666F-74DB-4AB7-8A67-CB577A466A3A}"
EndProject
Project("{9A19103F-16F7-4668-BE54-9A1E7A4F7556}") = "Demo.BingFa.EF", "Demo.BingFa.EF\Demo.BingFa.EF.csproj", "{2AE39474-6A72-4F2D-B60E-50CBD0516046}"
EndProject
Project("{9A19103F-16F7-4668-BE54-9A1E7A4F7556}") = "Demo.BingFa.HttpApi", "Demo.BingFa.HttpApi\Demo.BingFa.HttpApi.csproj", "{08B39F21-F493-416C-8B07-8E59CD98BDE4}"
EndProject
Project("{9A19103F-16F7-4668-BE54-9A1E7A4F7556}") = "Demo.BingFa.IRepository", "Demo.BingFa.IRepository\Demo.BingFa.IRepository.csproj", "{016D2BBF-9167-4A94-9871-9E9408D5B5C7}"
EndProject
Project("{9A19103F-16F7-4668-BE54-9A1E7A4F7556}") = "Demo.BingFa.Repostory", "Demo.BingFa.Repostory\Demo.BingFa.Repostory.csproj", "{CF39E0FB-DC57-4782-8438-1B18C8AF4A61}"
EndProject
Project("{9A19103F-16F7-4668-BE54-9A1E7A4F7556}") = "Demo.BingFa.Base.RabbitMQ", "Demo.BingFa.Base.RabbitMQ\Demo.BingFa.Base.RabbitMQ.csproj", "{50DF464E-5BCE-4B22-955E-2F0860C9088B}"
EndProject
Project("{2150E333-8FDC-42A3-9474-1A3956D46DE8}") = "Conumer", "Conumer", "{6D49B699-FF8B-4772-ABDA-F132EEACB28E}"
EndProject
Project("{9A19103F-16F7-4668-BE54-9A1E7A4F7556}") = "SeckillConsumer", "SeckillConsumer\SeckillConsumer.csproj", "{28B3AC58-B07A-471F-A63B-CCC7B5D62DB1}"
EndProject
Project("{FAE04EC0-301F-11D3-BF4B-00C04F79EFBC}") = "PayConsumer", "Pay\PayConsumer.csproj", "{C0AF97DA-5D0C-42EA-8C11-D539DB48AD4E}"
EndProject
Project("{FAE04EC0-301F-11D3-BF4B-00C04F79EFBC}") = "DeadLetter", "DeadLetter\DeadLetter.csproj", "{38EDB7CD-037A-4352-A778-24C25CE6250B}"
EndProject
Global
	GlobalSection(SolutionConfigurationPlatforms) = preSolution
		Debug|Any CPU = Debug|Any CPU
		Release|Any CPU = Release|Any CPU
	EndGlobalSection
	GlobalSection(ProjectConfigurationPlatforms) = postSolution
		{86A01504-B71C-486A-83F9-320FA35495DF}.Debug|Any CPU.ActiveCfg = Debug|Any CPU
		{86A01504-B71C-486A-83F9-320FA35495DF}.Debug|Any CPU.Build.0 = Debug|Any CPU
		{86A01504-B71C-486A-83F9-320FA35495DF}.Release|Any CPU.ActiveCfg = Release|Any CPU
		{86A01504-B71C-486A-83F9-320FA35495DF}.Release|Any CPU.Build.0 = Release|Any CPU
		{14C3DEB0-6045-4F84-A241-8E2319D8DC64}.Debug|Any CPU.ActiveCfg = Debug|Any CPU
		{14C3DEB0-6045-4F84-A241-8E2319D8DC64}.Debug|Any CPU.Build.0 = Debug|Any CPU
		{14C3DEB0-6045-4F84-A241-8E2319D8DC64}.Release|Any CPU.ActiveCfg = Release|Any CPU
		{14C3DEB0-6045-4F84-A241-8E2319D8DC64}.Release|Any CPU.Build.0 = Release|Any CPU
		{33EE666F-74DB-4AB7-8A67-CB577A466A3A}.Debug|Any CPU.ActiveCfg = Debug|Any CPU
		{33EE666F-74DB-4AB7-8A67-CB577A466A3A}.Debug|Any CPU.Build.0 = Debug|Any CPU
		{33EE666F-74DB-4AB7-8A67-CB577A466A3A}.Release|Any CPU.ActiveCfg = Release|Any CPU
		{33EE666F-74DB-4AB7-8A67-CB577A466A3A}.Release|Any CPU.Build.0 = Release|Any CPU
		{2AE39474-6A72-4F2D-B60E-50CBD0516046}.Debug|Any CPU.ActiveCfg = Debug|Any CPU
		{2AE39474-6A72-4F2D-B60E-50CBD0516046}.Debug|Any CPU.Build.0 = Debug|Any CPU
		{2AE39474-6A72-4F2D-B60E-50CBD0516046}.Release|Any CPU.ActiveCfg = Release|Any CPU
		{2AE39474-6A72-4F2D-B60E-50CBD0516046}.Release|Any CPU.Build.0 = Release|Any CPU
		{08B39F21-F493-416C-8B07-8E59CD98BDE4}.Debug|Any CPU.ActiveCfg = Debug|Any CPU
		{08B39F21-F493-416C-8B07-8E59CD98BDE4}.Debug|Any CPU.Build.0 = Debug|Any CPU
		{08B39F21-F493-416C-8B07-8E59CD98BDE4}.Release|Any CPU.ActiveCfg = Release|Any CPU
		{08B39F21-F493-416C-8B07-8E59CD98BDE4}.Release|Any CPU.Build.0 = Release|Any CPU
		{016D2BBF-9167-4A94-9871-9E9408D5B5C7}.Debug|Any CPU.ActiveCfg = Debug|Any CPU
		{016D2BBF-9167-4A94-9871-9E9408D5B5C7}.Debug|Any CPU.Build.0 = Debug|Any CPU
		{016D2BBF-9167-4A94-9871-9E9408D5B5C7}.Release|Any CPU.ActiveCfg = Release|Any CPU
		{016D2BBF-9167-4A94-9871-9E9408D5B5C7}.Release|Any CPU.Build.0 = Release|Any CPU
		{CF39E0FB-DC57-4782-8438-1B18C8AF4A61}.Debug|Any CPU.ActiveCfg = Debug|Any CPU
		{CF39E0FB-DC57-4782-8438-1B18C8AF4A61}.Debug|Any CPU.Build.0 = Debug|Any CPU
		{CF39E0FB-DC57-4782-8438-1B18C8AF4A61}.Release|Any CPU.ActiveCfg = Release|Any CPU
		{CF39E0FB-DC57-4782-8438-1B18C8AF4A61}.Release|Any CPU.Build.0 = Release|Any CPU
		{50DF464E-5BCE-4B22-955E-2F0860C9088B}.Debug|Any CPU.ActiveCfg = Debug|Any CPU
		{50DF464E-5BCE-4B22-955E-2F0860C9088B}.Debug|Any CPU.Build.0 = Debug|Any CPU
		{50DF464E-5BCE-4B22-955E-2F0860C9088B}.Release|Any CPU.ActiveCfg = Release|Any CPU
		{50DF464E-5BCE-4B22-955E-2F0860C9088B}.Release|Any CPU.Build.0 = Release|Any CPU
		{28B3AC58-B07A-471F-A63B-CCC7B5D62DB1}.Debug|Any CPU.ActiveCfg = Debug|Any CPU
		{28B3AC58-B07A-471F-A63B-CCC7B5D62DB1}.Debug|Any CPU.Build.0 = Debug|Any CPU
		{28B3AC58-B07A-471F-A63B-CCC7B5D62DB1}.Release|Any CPU.ActiveCfg = Release|Any CPU
		{28B3AC58-B07A-471F-A63B-CCC7B5D62DB1}.Release|Any CPU.Build.0 = Release|Any CPU
		{C0AF97DA-5D0C-42EA-8C11-D539DB48AD4E}.Debug|Any CPU.ActiveCfg = Debug|Any CPU
		{C0AF97DA-5D0C-42EA-8C11-D539DB48AD4E}.Debug|Any CPU.Build.0 = Debug|Any CPU
		{C0AF97DA-5D0C-42EA-8C11-D539DB48AD4E}.Release|Any CPU.ActiveCfg = Release|Any CPU
		{C0AF97DA-5D0C-42EA-8C11-D539DB48AD4E}.Release|Any CPU.Build.0 = Release|Any CPU
		{38EDB7CD-037A-4352-A778-24C25CE6250B}.Debug|Any CPU.ActiveCfg = Debug|Any CPU
		{38EDB7CD-037A-4352-A778-24C25CE6250B}.Debug|Any CPU.Build.0 = Debug|Any CPU
		{38EDB7CD-037A-4352-A778-24C25CE6250B}.Release|Any CPU.ActiveCfg = Release|Any CPU
		{38EDB7CD-037A-4352-A778-24C25CE6250B}.Release|Any CPU.Build.0 = Release|Any CPU
	EndGlobalSection
	GlobalSection(SolutionProperties) = preSolution
		HideSolutionNode = FALSE
	EndGlobalSection
	GlobalSection(NestedProjects) = preSolution
		{14C3DEB0-6045-4F84-A241-8E2319D8DC64} = {14E825B7-6E78-4FF8-B2D2-718DB0A59297}
		{2AE39474-6A72-4F2D-B60E-50CBD0516046} = {14E825B7-6E78-4FF8-B2D2-718DB0A59297}
		{08B39F21-F493-416C-8B07-8E59CD98BDE4} = {21846C96-06FB-4F1F-8F92-2C3F9A8FFFE2}
		{016D2BBF-9167-4A94-9871-9E9408D5B5C7} = {14E825B7-6E78-4FF8-B2D2-718DB0A59297}
		{CF39E0FB-DC57-4782-8438-1B18C8AF4A61} = {14E825B7-6E78-4FF8-B2D2-718DB0A59297}
		{50DF464E-5BCE-4B22-955E-2F0860C9088B} = {14E825B7-6E78-4FF8-B2D2-718DB0A59297}
		{28B3AC58-B07A-471F-A63B-CCC7B5D62DB1} = {6D49B699-FF8B-4772-ABDA-F132EEACB28E}
		{C0AF97DA-5D0C-42EA-8C11-D539DB48AD4E} = {6D49B699-FF8B-4772-ABDA-F132EEACB28E}
		{38EDB7CD-037A-4352-A778-24C25CE6250B} = {6D49B699-FF8B-4772-ABDA-F132EEACB28E}
	EndGlobalSection
	GlobalSection(ExtensibilityGlobals) = postSolution
		SolutionGuid = {D3EE5CAE-9472-4655-B678-75CCA50402F6}
	EndGlobalSection
EndGlobal
